Microsoft Visual Studio Solution File, Format Version 11.00
# Visual Studio 2008

Project("{7CE83427-36E6-909C-6697-A34C783FAEB6}") = "final_game", "Assembly-CSharp.csproj", "{C59FB2E4-D5AB-FB5D-B657-7F3C23FF4226}"
EndProject
Global
	GlobalSection(SolutionConfigurationPlatforms) = preSolution
		Debug|Any CPU = Debug|Any CPU
		Release|Any CPU = Release|Any CPU
	EndGlobalSection
	GlobalSection(ProjectConfigurationPlatforms) = postSolution
		{C59FB2E4-D5AB-FB5D-B657-7F3C23FF4226}.Debug|Any CPU.ActiveCfg = Debug|Any CPU
		{C59FB2E4-D5AB-FB5D-B657-7F3C23FF4226}.Debug|Any CPU.Build.0 = Debug|Any CPU
		{C59FB2E4-D5AB-FB5D-B657-7F3C23FF4226}.Release|Any CPU.ActiveCfg = Release|Any CPU
		{C59FB2E4-D5AB-FB5D-B657-7F3C23FF4226}.Release|Any CPU.Build.0 = Release|Any CPU
	EndGlobalSection
	GlobalSection(SolutionProperties) = preSolution
		HideSolutionNode = FALSE
	EndGlobalSection
	GlobalSection(MonoDevelopProperties) = preSolution
		StartupItem = Assembly-CSharp.csproj
	EndGlobalSection
EndGlobal
