
Microsoft Visual Studio Solution File, Format Version 12.00
# Visual Studio 2015
Project("{FAE04EC0-301F-11D3-BF4B-00C04F79EFBC}") = "final_game", "final_game.csproj", "{C8B8A8BB-88FF-BE6B-8BD9-C7916A8603F8}"
EndProject
Global
	GlobalSection(SolutionConfigurationPlatforms) = preSolution
		Debug|Any CPU = Debug|Any CPU
		Release|Any CPU = Release|Any CPU
	EndGlobalSection
	GlobalSection(ProjectConfigurationPlatforms) = postSolution
		{C8B8A8BB-88FF-BE6B-8BD9-C7916A8603F8}.Debug|Any CPU.ActiveCfg = Debug|Any CPU
		{C8B8A8BB-88FF-BE6B-8BD9-C7916A8603F8}.Debug|Any CPU.Build.0 = Debug|Any CPU
		{C8B8A8BB-88FF-BE6B-8BD9-C7916A8603F8}.Release|Any CPU.ActiveCfg = Release|Any CPU
		{C8B8A8BB-88FF-BE6B-8BD9-C7916A8603F8}.Release|Any CPU.Build.0 = Release|Any CPU
	EndGlobalSection
	GlobalSection(SolutionProperties) = preSolution
		HideSolutionNode = FALSE
	EndGlobalSection
EndGlobal
